
Microsoft Visual Studio Solution File, Format Version 12.00
# Visual Studio Version 16
VisualStudioVersion = 16.0.31605.320
MinimumVisualStudioVersion = 10.0.40219.1
Project("{FAE04EC0-301F-11D3-BF4B-00C04F79EFBC}") = "CheckoutKata", "CheckoutKata\CheckoutKata.csproj", "{91E5B02F-7A10-429D-8825-097916B62197}"
EndProject
Project("{FAE04EC0-301F-11D3-BF4B-00C04F79EFBC}") = "Checkout.Tests", "Checkout.Tests\Checkout.Tests.csproj", "{D014FE32-90AA-4F76-AAE8-065824EBA52F}"
EndProject
Global
	GlobalSection(SolutionConfigurationPlatforms) = preSolution
		Debug|Any CPU = Debug|Any CPU
		Release|Any CPU = Release|Any CPU
	EndGlobalSection
	GlobalSection(ProjectConfigurationPlatforms) = postSolution
		{91E5B02F-7A10-429D-8825-097916B62197}.Debug|Any CPU.ActiveCfg = Debug|Any CPU
		{91E5B02F-7A10-429D-8825-097916B62197}.Debug|Any CPU.Build.0 = Debug|Any CPU
		{91E5B02F-7A10-429D-8825-097916B62197}.Release|Any CPU.ActiveCfg = Release|Any CPU
		{91E5B02F-7A10-429D-8825-097916B62197}.Release|Any CPU.Build.0 = Release|Any CPU
		{D014FE32-90AA-4F76-AAE8-065824EBA52F}.Debug|Any CPU.ActiveCfg = Debug|Any CPU
		{D014FE32-90AA-4F76-AAE8-065824EBA52F}.Debug|Any CPU.Build.0 = Debug|Any CPU
		{D014FE32-90AA-4F76-AAE8-065824EBA52F}.Release|Any CPU.ActiveCfg = Release|Any CPU
		{D014FE32-90AA-4F76-AAE8-065824EBA52F}.Release|Any CPU.Build.0 = Release|Any CPU
	EndGlobalSection
	GlobalSection(SolutionProperties) = preSolution
		HideSolutionNode = FALSE
	EndGlobalSection
	GlobalSection(ExtensibilityGlobals) = postSolution
		SolutionGuid = {C6B95A64-163B-4E5C-A132-DFD579C17314}
	EndGlobalSection
EndGlobal
